
Microsoft Visual Studio Solution File, Format Version 12.00
# Visual Studio Version 17
VisualStudioVersion = 17.6.33815.320
MinimumVisualStudioVersion = 10.0.40219.1
Project("{8BC9CEB8-8B4A-11D0-8D11-00A0C91BC942}") = "DX11Renderer", "DX11Renderer\DX11Renderer.vcxproj", "{26EEE3F7-28E1-4C89-B8B2-01232AE99590}"
EndProject
Project("{8BC9CEB8-8B4A-11D0-8D11-00A0C91BC942}") = "MathModule", "MathModule\MathModule.vcxproj", "{0AB3CE83-E20C-47BF-B983-2F44284291DD}"
EndProject
Global
	GlobalSection(SolutionConfigurationPlatforms) = preSolution
		Debug|x64 = Debug|x64
		Debug|x86 = Debug|x86
		Release|x64 = Release|x64
		Release|x86 = Release|x86
	EndGlobalSection
	GlobalSection(ProjectConfigurationPlatforms) = postSolution
		{26EEE3F7-28E1-4C89-B8B2-01232AE99590}.Debug|x64.ActiveCfg = Debug|x64
		{26EEE3F7-28E1-4C89-B8B2-01232AE99590}.Debug|x64.Build.0 = Debug|x64
		{26EEE3F7-28E1-4C89-B8B2-01232AE99590}.Debug|x86.ActiveCfg = Debug|Win32
		{26EEE3F7-28E1-4C89-B8B2-01232AE99590}.Debug|x86.Build.0 = Debug|Win32
		{26EEE3F7-28E1-4C89-B8B2-01232AE99590}.Release|x64.ActiveCfg = Release|x64
		{26EEE3F7-28E1-4C89-B8B2-01232AE99590}.Release|x64.Build.0 = Release|x64
		{26EEE3F7-28E1-4C89-B8B2-01232AE99590}.Release|x86.ActiveCfg = Release|Win32
		{26EEE3F7-28E1-4C89-B8B2-01232AE99590}.Release|x86.Build.0 = Release|Win32
		{0AB3CE83-E20C-47BF-B983-2F44284291DD}.Debug|x64.ActiveCfg = Debug|x64
		{0AB3CE83-E20C-47BF-B983-2F44284291DD}.Debug|x64.Build.0 = Debug|x64
		{0AB3CE83-E20C-47BF-B983-2F44284291DD}.Debug|x86.ActiveCfg = Debug|Win32
		{0AB3CE83-E20C-47BF-B983-2F44284291DD}.Debug|x86.Build.0 = Debug|Win32
		{0AB3CE83-E20C-47BF-B983-2F44284291DD}.Release|x64.ActiveCfg = Release|x64
		{0AB3CE83-E20C-47BF-B983-2F44284291DD}.Release|x64.Build.0 = Release|x64
		{0AB3CE83-E20C-47BF-B983-2F44284291DD}.Release|x86.ActiveCfg = Release|Win32
		{0AB3CE83-E20C-47BF-B983-2F44284291DD}.Release|x86.Build.0 = Release|Win32
	EndGlobalSection
	GlobalSection(SolutionProperties) = preSolution
		HideSolutionNode = FALSE
	EndGlobalSection
	GlobalSection(ExtensibilityGlobals) = postSolution
		SolutionGuid = {AC720741-5870-45C7-8C89-33E57A1D70FF}
	EndGlobalSection
EndGlobal
